
Microsoft Visual Studio Solution File, Format Version 12.00
# Visual Studio Version 17
VisualStudioVersion = 17.3.32922.545
MinimumVisualStudioVersion = 10.0.40219.1
Project("{FAE04EC0-301F-11D3-BF4B-00C04F79EFBC}") = "KX12To13Converter.Base", "KX12To13Converter.Base.csproj", "{78018FA3-2CA0-4C78-B198-6BE2DAD08C68}"
EndProject
Global
	GlobalSection(SolutionConfigurationPlatforms) = preSolution
		Debug|Any CPU = Debug|Any CPU
		Release|Any CPU = Release|Any CPU
	EndGlobalSection
	GlobalSection(ProjectConfigurationPlatforms) = postSolution
		{78018FA3-2CA0-4C78-B198-6BE2DAD08C68}.Debug|Any CPU.ActiveCfg = Debug|Any CPU
		{78018FA3-2CA0-4C78-B198-6BE2DAD08C68}.Debug|Any CPU.Build.0 = Debug|Any CPU
		{78018FA3-2CA0-4C78-B198-6BE2DAD08C68}.Release|Any CPU.ActiveCfg = Release|Any CPU
		{78018FA3-2CA0-4C78-B198-6BE2DAD08C68}.Release|Any CPU.Build.0 = Release|Any CPU
	EndGlobalSection
	GlobalSection(SolutionProperties) = preSolution
		HideSolutionNode = FALSE
	EndGlobalSection
	GlobalSection(ExtensibilityGlobals) = postSolution
		SolutionGuid = {F7741C9F-56FD-4E02-A3DD-797EF05F76A3}
	EndGlobalSection
EndGlobal
